
Microsoft Visual Studio Solution File, Format Version 12.00
# Visual Studio Version 17
VisualStudioVersion = 17.0.31717.71
MinimumVisualStudioVersion = 10.0.40219.1
Project("{54A90642-561A-4BB1-A94E-469ADEE60C69}") = "FrontEnd", "FrontEnd\FrontEnd.esproj", "{A77F0F31-5851-43A0-82E3-CECBD1571E94}"
	ProjectSection(ProjectDependencies) = postProject
		{CED40B41-B0AC-46EA-B1B3-CBFC2DD90656} = {CED40B41-B0AC-46EA-B1B3-CBFC2DD90656}
	EndProjectSection
EndProject
Project("{FAE04EC0-301F-11D3-BF4B-00C04F79EFBC}") = "BackEnd", "BackEnd\BackEnd.csproj", "{CED40B41-B0AC-46EA-B1B3-CBFC2DD90656}"
EndProject
Global
	GlobalSection(SolutionConfigurationPlatforms) = preSolution
		Debug|Any CPU = Debug|Any CPU
		Release|Any CPU = Release|Any CPU
	EndGlobalSection
	GlobalSection(ProjectConfigurationPlatforms) = postSolution
		{A77F0F31-5851-43A0-82E3-CECBD1571E94}.Debug|Any CPU.ActiveCfg = Debug|Any CPU
		{A77F0F31-5851-43A0-82E3-CECBD1571E94}.Debug|Any CPU.Build.0 = Debug|Any CPU
		{A77F0F31-5851-43A0-82E3-CECBD1571E94}.Debug|Any CPU.Deploy.0 = Debug|Any CPU
		{A77F0F31-5851-43A0-82E3-CECBD1571E94}.Release|Any CPU.ActiveCfg = Release|Any CPU
		{A77F0F31-5851-43A0-82E3-CECBD1571E94}.Release|Any CPU.Build.0 = Release|Any CPU
		{A77F0F31-5851-43A0-82E3-CECBD1571E94}.Release|Any CPU.Deploy.0 = Release|Any CPU
		{CED40B41-B0AC-46EA-B1B3-CBFC2DD90656}.Debug|Any CPU.ActiveCfg = Debug|Any CPU
		{CED40B41-B0AC-46EA-B1B3-CBFC2DD90656}.Debug|Any CPU.Build.0 = Debug|Any CPU
		{CED40B41-B0AC-46EA-B1B3-CBFC2DD90656}.Release|Any CPU.ActiveCfg = Release|Any CPU
		{CED40B41-B0AC-46EA-B1B3-CBFC2DD90656}.Release|Any CPU.Build.0 = Release|Any CPU
	EndGlobalSection
	GlobalSection(SolutionProperties) = preSolution
		HideSolutionNode = FALSE
	EndGlobalSection
	GlobalSection(ExtensibilityGlobals) = postSolution
		SolutionGuid = {159146D4-66A9-4086-AEB6-8F19BBA91645}
	EndGlobalSection
EndGlobal
